
Microsoft Visual Studio Solution File, Format Version 12.00
# Visual Studio 15
VisualStudioVersion = 15.0.27703.2042
MinimumVisualStudioVersion = 10.0.40219.1
Project("{9A19103F-16F7-4668-BE54-9A1E7A4F7556}") = "Project", "Project\Project.csproj", "{F8A6C0B4-BDCE-4F6B-9900-C318B6D0071E}"
EndProject
Project("{9A19103F-16F7-4668-BE54-9A1E7A4F7556}") = "Repository", "Repository\Repository.csproj", "{C08A10C4-17A7-4EB2-A6FC-94822B22722B}"
EndProject
Project("{9A19103F-16F7-4668-BE54-9A1E7A4F7556}") = "Service", "Service\Service.csproj", "{BFAAEBE3-3EE9-4B44-885D-4E303FE8D00A}"
EndProject
Project("{9A19103F-16F7-4668-BE54-9A1E7A4F7556}") = "Common", "Common\Common.csproj", "{155AC957-B4EE-45CB-9F39-E46F20048896}"
EndProject
Project("{FAE04EC0-301F-11D3-BF4B-00C04F79EFBC}") = "WeddingProject", "WeddingProject\WeddingProject.csproj", "{95DEE52A-C5A2-43B6-A0E4-9C2873BE1E0D}"
EndProject
Global
	GlobalSection(SolutionConfigurationPlatforms) = preSolution
		Debug|Any CPU = Debug|Any CPU
		Release|Any CPU = Release|Any CPU
	EndGlobalSection
	GlobalSection(ProjectConfigurationPlatforms) = postSolution
		{F8A6C0B4-BDCE-4F6B-9900-C318B6D0071E}.Debug|Any CPU.ActiveCfg = Debug|Any CPU
		{F8A6C0B4-BDCE-4F6B-9900-C318B6D0071E}.Debug|Any CPU.Build.0 = Debug|Any CPU
		{F8A6C0B4-BDCE-4F6B-9900-C318B6D0071E}.Release|Any CPU.ActiveCfg = Release|Any CPU
		{F8A6C0B4-BDCE-4F6B-9900-C318B6D0071E}.Release|Any CPU.Build.0 = Release|Any CPU
		{C08A10C4-17A7-4EB2-A6FC-94822B22722B}.Debug|Any CPU.ActiveCfg = Debug|Any CPU
		{C08A10C4-17A7-4EB2-A6FC-94822B22722B}.Debug|Any CPU.Build.0 = Debug|Any CPU
		{C08A10C4-17A7-4EB2-A6FC-94822B22722B}.Release|Any CPU.ActiveCfg = Release|Any CPU
		{C08A10C4-17A7-4EB2-A6FC-94822B22722B}.Release|Any CPU.Build.0 = Release|Any CPU
		{BFAAEBE3-3EE9-4B44-885D-4E303FE8D00A}.Debug|Any CPU.ActiveCfg = Debug|Any CPU
		{BFAAEBE3-3EE9-4B44-885D-4E303FE8D00A}.Debug|Any CPU.Build.0 = Debug|Any CPU
		{BFAAEBE3-3EE9-4B44-885D-4E303FE8D00A}.Release|Any CPU.ActiveCfg = Release|Any CPU
		{BFAAEBE3-3EE9-4B44-885D-4E303FE8D00A}.Release|Any CPU.Build.0 = Release|Any CPU
		{155AC957-B4EE-45CB-9F39-E46F20048896}.Debug|Any CPU.ActiveCfg = Debug|Any CPU
		{155AC957-B4EE-45CB-9F39-E46F20048896}.Debug|Any CPU.Build.0 = Debug|Any CPU
		{155AC957-B4EE-45CB-9F39-E46F20048896}.Release|Any CPU.ActiveCfg = Release|Any CPU
		{155AC957-B4EE-45CB-9F39-E46F20048896}.Release|Any CPU.Build.0 = Release|Any CPU
		{95DEE52A-C5A2-43B6-A0E4-9C2873BE1E0D}.Debug|Any CPU.ActiveCfg = Debug|Any CPU
		{95DEE52A-C5A2-43B6-A0E4-9C2873BE1E0D}.Debug|Any CPU.Build.0 = Debug|Any CPU
		{95DEE52A-C5A2-43B6-A0E4-9C2873BE1E0D}.Release|Any CPU.ActiveCfg = Release|Any CPU
		{95DEE52A-C5A2-43B6-A0E4-9C2873BE1E0D}.Release|Any CPU.Build.0 = Release|Any CPU
	EndGlobalSection
	GlobalSection(SolutionProperties) = preSolution
		HideSolutionNode = FALSE
	EndGlobalSection
	GlobalSection(ExtensibilityGlobals) = postSolution
		SolutionGuid = {4696B29B-BA79-4E09-99B1-776D7179B72F}
	EndGlobalSection
EndGlobal
